{
  "version": 4,
  "terraform_version": "1.1.1",
  "serial": 3,
  "lineage": "15b77fa0-b109-4b6c-bed4-facc177e93b8",
  "outputs": {},
  "resources": [
    {
      "mode": "managed",
      "type": "local_file",
      "name": "go_hello_world",
      "provider": "provider[\"registry.terraform.io/hashicorp/local\"]",
      "instances": [
        {
          "schema_version": 0,
          "attributes": {
            "content": "func main() {fmt.println(\"Test\")}",
            "content_base64": null,
            "content_base64sha256": "wjBfI1oYjUOfyzm+Ysuy0L3DMAtgl0POw45CIcGzWY8=",
            "content_base64sha512": "Bvqn8l0/pDMVvGQYee6QeBYPmNH3zwqxBTFAF9xMPyM/SLLFN2ZuP125XgznyCDIaiV+8ucVftpWfZ0bvjOcZg==",
            "content_md5": "d82bbd0f9e769f889c1168f8d0fd0ffc",
            "content_sha1": "5eb5e6cd5a99fa92929847ea53438b701e801365",
            "content_sha256": "c2305f235a188d439fcb39be62cbb2d0bdc3300b609743cec38e4221c1b3598f",
            "content_sha512": "06faa7f25d3fa43315bc641879ee9078160f98d1f7cf0ab105314017dc4c3f233f48b2c537666e3f5db95e0ce7c820c86a257ef2e7157eda567d9d1bbe339c66",
            "directory_permission": "0777",
            "file_permission": "0777",
            "filename": "main.go",
            "id": "5eb5e6cd5a99fa92929847ea53438b701e801365",
            "sensitive_content": null,
            "source": null
          },
          "sensitive_attributes": []
        }
      ]
    }
  ]
}
